
Microsoft Visual Studio Solution File, Format Version 12.00
# Visual Studio 15
VisualStudioVersion = 15.0.26430.13
MinimumVisualStudioVersion = 10.0.40219.1
Project("{FAE04EC0-301F-11D3-BF4B-00C04F79EFBC}") = "HanLP.csharp", "HanLP.csharp\HanLP.csharp.csproj", "{3F8D174A-795B-4353-ADE5-AEEBF0DAFA0A}"
EndProject
Project("{FAE04EC0-301F-11D3-BF4B-00C04F79EFBC}") = "HanLP.Test.csharp", "HanLP.Test.csharp\HanLP.Test.csharp.csproj", "{07E50B20-3A29-483B-85D7-941FD460E609}"
EndProject
Global
	GlobalSection(SolutionConfigurationPlatforms) = preSolution
		Debug|Any CPU = Debug|Any CPU
		Release|Any CPU = Release|Any CPU
	EndGlobalSection
	GlobalSection(ProjectConfigurationPlatforms) = postSolution
		{3F8D174A-795B-4353-ADE5-AEEBF0DAFA0A}.Debug|Any CPU.ActiveCfg = Debug|Any CPU
		{3F8D174A-795B-4353-ADE5-AEEBF0DAFA0A}.Debug|Any CPU.Build.0 = Debug|Any CPU
		{3F8D174A-795B-4353-ADE5-AEEBF0DAFA0A}.Release|Any CPU.ActiveCfg = Release|Any CPU
		{3F8D174A-795B-4353-ADE5-AEEBF0DAFA0A}.Release|Any CPU.Build.0 = Release|Any CPU
		{07E50B20-3A29-483B-85D7-941FD460E609}.Debug|Any CPU.ActiveCfg = Debug|Any CPU
		{07E50B20-3A29-483B-85D7-941FD460E609}.Debug|Any CPU.Build.0 = Debug|Any CPU
		{07E50B20-3A29-483B-85D7-941FD460E609}.Release|Any CPU.ActiveCfg = Release|Any CPU
		{07E50B20-3A29-483B-85D7-941FD460E609}.Release|Any CPU.Build.0 = Release|Any CPU
	EndGlobalSection
	GlobalSection(SolutionProperties) = preSolution
		HideSolutionNode = FALSE
	EndGlobalSection
EndGlobal
